
Microsoft Visual Studio Solution File, Format Version 12.00
# Visual Studio Version 16
VisualStudioVersion = 16.0.31019.35
MinimumVisualStudioVersion = 10.0.40219.1
Project("{9A19103F-16F7-4668-BE54-9A1E7A4F7556}") = "HolidayOptimizerTests", "HolidayOptimizerTests\HolidayOptimizerTests.csproj", "{15C02DD4-7FC4-48FC-9C97-4423A3609690}"
EndProject
Project("{9A19103F-16F7-4668-BE54-9A1E7A4F7556}") = "HolidayOptimizer", "HolidayOptimizer\HolidayOptimizer.csproj", "{B4CD92B2-2FA8-4623-A8CE-6CEA2DD26031}"
EndProject
Global
	GlobalSection(SolutionConfigurationPlatforms) = preSolution
		Debug|Any CPU = Debug|Any CPU
		Release|Any CPU = Release|Any CPU
	EndGlobalSection
	GlobalSection(ProjectConfigurationPlatforms) = postSolution
		{15C02DD4-7FC4-48FC-9C97-4423A3609690}.Debug|Any CPU.ActiveCfg = Debug|Any CPU
		{15C02DD4-7FC4-48FC-9C97-4423A3609690}.Debug|Any CPU.Build.0 = Debug|Any CPU
		{15C02DD4-7FC4-48FC-9C97-4423A3609690}.Release|Any CPU.ActiveCfg = Release|Any CPU
		{15C02DD4-7FC4-48FC-9C97-4423A3609690}.Release|Any CPU.Build.0 = Release|Any CPU
		{B4CD92B2-2FA8-4623-A8CE-6CEA2DD26031}.Debug|Any CPU.ActiveCfg = Debug|Any CPU
		{B4CD92B2-2FA8-4623-A8CE-6CEA2DD26031}.Debug|Any CPU.Build.0 = Debug|Any CPU
		{B4CD92B2-2FA8-4623-A8CE-6CEA2DD26031}.Release|Any CPU.ActiveCfg = Release|Any CPU
		{B4CD92B2-2FA8-4623-A8CE-6CEA2DD26031}.Release|Any CPU.Build.0 = Release|Any CPU
	EndGlobalSection
	GlobalSection(SolutionProperties) = preSolution
		HideSolutionNode = FALSE
	EndGlobalSection
	GlobalSection(ExtensibilityGlobals) = postSolution
		SolutionGuid = {412FC331-8666-4C6A-8177-89DE08030FA3}
	EndGlobalSection
EndGlobal
